// !$*UTF8*$!
{
	archiveVersion = 1;
	classes = {
	};
	objectVersion = 48;
	objects = {

/* Begin PBXBuildFile section */
		483D31C1D4E2E7A800082169 /* Pods_FBSDKINTEGRATION.framework in Frameworks */ = {isa = PBXBuildFile; fileRef = 934CEEC44E3A0E2312391848 /* Pods_FBSDKINTEGRATION.framework */; };
		9A0ED2BB214D0ADB003CA84A /* AppDelegate.swift in Sources */ = {isa = PBXBuildFile; fileRef = 9A0ED2BA214D0ADB003CA84A /* AppDelegate.swift */; };
		9A0ED2BD214D0ADB003CA84A /* ViewController.swift in Sources */ = {isa = PBXBuildFile; fileRef = 9A0ED2BC214D0ADB003CA84A /* ViewController.swift */; };
		9A0ED2C0214D0ADB003CA84A /* Main.storyboard in Resources */ = {isa = PBXBuildFile; fileRef = 9A0ED2BE214D0ADB003CA84A /* Main.storyboard */; };
		9A0ED2C2214D0ADB003CA84A /* Assets.xcassets in Resources */ = {isa = PBXBuildFile; fileRef = 9A0ED2C1214D0ADB003CA84A /* Assets.xcassets */; };
		9A0ED2C5214D0ADB003CA84A /* LaunchScreen.storyboard in Resources */ = {isa = PBXBuildFile; fileRef = 9A0ED2C3214D0ADB003CA84A /* LaunchScreen.storyboard */; };
/* End PBXBuildFile section */

/* Begin PBXFileReference section */
		934CEEC44E3A0E2312391848 /* Pods_FBSDKINTEGRATION.framework */ = {isa = PBXFileReference; explicitFileType = wrapper.framework; includeInIndex = 0; path = Pods_FBSDKINTEGRATION.framework; sourceTree = BUILT_PRODUCTS_DIR; };
		996619CBC9568FCA924FE4B3 /* Pods-FBSDKINTEGRATION.debug.xcconfig */ = {isa = PBXFileReference; includeInIndex = 1; lastKnownFileType = text.xcconfig; name = "Pods-FBSDKINTEGRATION.debug.xcconfig"; path = "Pods/Target Support Files/Pods-FBSDKINTEGRATION/Pods-FBSDKINTEGRATION.debug.xcconfig"; sourceTree = "<group>"; };
		9A0ED2B7214D0ADB003CA84A /* FBSDKINTEGRATION.app */ = {isa = PBXFileReference; explicitFileType = wrapper.application; includeInIndex = 0; path = FBSDKINTEGRATION.app; sourceTree = BUILT_PRODUCTS_DIR; };
		9A0ED2BA214D0ADB003CA84A /* AppDelegate.swift */ = {isa = PBXFileReference; lastKnownFileType = sourcecode.swift; path = AppDelegate.swift; sourceTree = "<group>"; };
		9A0ED2BC214D0ADB003CA84A /* ViewController.swift */ = {isa = PBXFileReference; lastKnownFileType = sourcecode.swift; path = ViewController.swift; sourceTree = "<group>"; };
		9A0ED2BF214D0ADB003CA84A /* Base */ = {isa = PBXFileReference; lastKnownFileType = file.storyboard; name = Base; path = Base.lproj/Main.storyboard; sourceTree = "<group>"; };
		9A0ED2C1214D0ADB003CA84A /* Assets.xcassets */ = {isa = PBXFileReference; lastKnownFileType = folder.assetcatalog; path = Assets.xcassets; sourceTree = "<group>"; };
		9A0ED2C4214D0ADB003CA84A /* Base */ = {isa = PBXFileReference; lastKnownFileType = file.storyboard; name = Base; path = Base.lproj/LaunchScreen.storyboard; sourceTree = "<group>"; };
		9A0ED2C6214D0ADB003CA84A /* Info.plist */ = {isa = PBXFileReference; lastKnownFileType = text.plist.xml; path = Info.plist; sourceTree = "<group>"; };
		9A0ED2CC214D0EA3003CA84A /* FBSDKINTEGRATION-Bridging-Header.h */ = {isa = PBXFileReference; lastKnownFileType = sourcecode.c.h; path = "FBSDKINTEGRATION-Bridging-Header.h"; sourceTree = "<group>"; };
		C0CFA791138975CFFFC26348 /* Pods-FBSDKINTEGRATION.release.xcconfig */ = {isa = PBXFileReference; includeInIndex = 1; lastKnownFileType = text.xcconfig; name = "Pods-FBSDKINTEGRATION.release.xcconfig"; path = "Pods/Target Support Files/Pods-FBSDKINTEGRATION/Pods-FBSDKINTEGRATION.release.xcconfig"; sourceTree = "<group>"; };
/* End PBXFileReference section */

/* Begin PBXFrameworksBuildPhase section */
		9A0ED2B4214D0ADB003CA84A /* Frameworks */ = {
			isa = PBXFrameworksBuildPhase;
			buildActionMask = 2147483647;
			files = (
				483D31C1D4E2E7A800082169 /* Pods_FBSDKINTEGRATION.framework in Frameworks */,
			);
			runOnlyForDeploymentPostprocessing = 0;
		};
/* End PBXFrameworksBuildPhase section */

/* Begin PBXGroup section */
		0A454D3430802224B99F3909 /* Frameworks */ = {
			isa = PBXGroup;
			children = (
				934CEEC44E3A0E2312391848 /* Pods_FBSDKINTEGRATION.framework */,
			);
			name = Frameworks;
			sourceTree = "<group>";
		};
		97E04DC525DB243738DF798D /* Pods */ = {
			isa = PBXGroup;
			children = (
				996619CBC9568FCA924FE4B3 /* Pods-FBSDKINTEGRATION.debug.xcconfig */,
				C0CFA791138975CFFFC26348 /* Pods-FBSDKINTEGRATION.release.xcconfig */,
			);
			name = Pods;
			sourceTree = "<group>";
		};
		9A0ED2AE214D0ADB003CA84A = {
			isa = PBXGroup;
			children = (
				9A0ED2B9214D0ADB003CA84A /* FBSDKINTEGRATION */,
				9A0ED2B8214D0ADB003CA84A /* Products */,
				97E04DC525DB243738DF798D /* Pods */,
				0A454D3430802224B99F3909 /* Frameworks */,
			);
			sourceTree = "<group>";
		};
		9A0ED2B8214D0ADB003CA84A /* Products */ = {
			isa = PBXGroup;
			children = (
				9A0ED2B7214D0ADB003CA84A /* FBSDKINTEGRATION.app */,
			);
			name = Products;
			sourceTree = "<group>";
		};
		9A0ED2B9214D0ADB003CA84A /* FBSDKINTEGRATION */ = {
			isa = PBXGroup;
			children = (
				9A0ED2BA214D0ADB003CA84A /* AppDelegate.swift */,
				9A0ED2BC214D0ADB003CA84A /* ViewController.swift */,
				9A0ED2BE214D0ADB003CA84A /* Main.storyboard */,
				9A0ED2C1214D0ADB003CA84A /* Assets.xcassets */,
				9A0ED2C3214D0ADB003CA84A /* LaunchScreen.storyboard */,
				9A0ED2C6214D0ADB003CA84A /* Info.plist */,
				9A0ED2CC214D0EA3003CA84A /* FBSDKINTEGRATION-Bridging-Header.h */,
			);
			path = FBSDKINTEGRATION;
			sourceTree = "<group>";
		};
/* End PBXGroup section */

/* Begin PBXNativeTarget section */
		9A0ED2B6214D0ADB003CA84A /* FBSDKINTEGRATION */ = {
			isa = PBXNativeTarget;
			buildConfigurationList = 9A0ED2C9214D0ADB003CA84A /* Build configuration list for PBXNativeTarget "FBSDKINTEGRATION" */;
			buildPhases = (
				CFE2591F01D53AAE8D494853 /* [CP] Check Pods Manifest.lock */,
				9A0ED2B3214D0ADB003CA84A /* Sources */,
				9A0ED2B4214D0ADB003CA84A /* Frameworks */,
				9A0ED2B5214D0ADB003CA84A /* Resources */,
				4B2EA5E237D1F82D457D69FC /* [CP] Embed Pods Frameworks */,
			);
			buildRules = (
			);
			dependencies = (
			);
			name = FBSDKINTEGRATION;
			productName = FBSDKINTEGRATION;
			productReference = 9A0ED2B7214D0ADB003CA84A /* FBSDKINTEGRATION.app */;
			productType = "com.apple.product-type.application";
		};
/* End PBXNativeTarget section */

/* Begin PBXProject section */
		9A0ED2AF214D0ADB003CA84A /* Project object */ = {
			isa = PBXProject;
			attributes = {
				LastSwiftUpdateCheck = 0910;
				LastUpgradeCheck = 0910;
				ORGANIZATIONNAME = Nagiz;
				TargetAttributes = {
					9A0ED2B6214D0ADB003CA84A = {
						CreatedOnToolsVersion = 9.1;
						LastSwiftMigration = 0910;
						ProvisioningStyle = Automatic;
					};
				};
			};
			buildConfigurationList = 9A0ED2B2214D0ADB003CA84A /* Build configuration list for PBXProject "FBSDKINTEGRATION" */;
			compatibilityVersion = "Xcode 8.0";
			developmentRegion = en;
			hasScannedForEncodings = 0;
			knownRegions = (
				en,
				Base,
			);
			mainGroup = 9A0ED2AE214D0ADB003CA84A;
			productRefGroup = 9A0ED2B8214D0ADB003CA84A /* Products */;
			projectDirPath = "";
			projectRoot = "";
			targets = (
				9A0ED2B6214D0ADB003CA84A /* FBSDKINTEGRATION */,
			);
		};
/* End PBXProject section */

/* Begin PBXResourcesBuildPhase section */
		9A0ED2B5214D0ADB003CA84A /* Resources */ = {
			isa = PBXResourcesBuildPhase;
			buildActionMask = 2147483647;
			files = (
				9A0ED2C5214D0ADB003CA84A /* LaunchScreen.storyboard in Resources */,
				9A0ED2C2214D0ADB003CA84A /* Assets.xcassets in Resources */,
				9A0ED2C0214D0ADB003CA84A /* Main.storyboard in Resources */,
			);
			runOnlyForDeploymentPostprocessing = 0;
		};
/* End PBXResourcesBuildPhase section */

/* Begin PBXShellScriptBuildPhase section */
		4B2EA5E237D1F82D457D69FC /* [CP] Embed Pods Frameworks */ = {
			isa = PBXShellScriptBuildPhase;
			buildActionMask = 2147483647;
			files = (
			);
			inputPaths = (
				"${SRCROOT}/Pods/Target Support Files/Pods-FBSDKINTEGRATION/Pods-FBSDKINTEGRATION-frameworks.sh",
				"${BUILT_PRODUCTS_DIR}/Bolts/Bolts.framework",
				"${BUILT_PRODUCTS_DIR}/FBSDKCoreKit/FBSDKCoreKit.framework",
				"${BUILT_PRODUCTS_DIR}/FBSDKLoginKit/FBSDKLoginKit.framework",
			);
			name = "[CP] Embed Pods Frameworks";
			outputPaths = (
				"${TARGET_BUILD_DIR}/${FRAMEWORKS_FOLDER_PATH}/Bolts.framework",
				"${TARGET_BUILD_DIR}/${FRAMEWORKS_FOLDER_PATH}/FBSDKCoreKit.framework",
				"${TARGET_BUILD_DIR}/${FRAMEWORKS_FOLDER_PATH}/FBSDKLoginKit.framework",
			);
			runOnlyForDeploymentPostprocessing = 0;
			shellPath = /bin/sh;
			shellScript = "\"${SRCROOT}/Pods/Target Support Files/Pods-FBSDKINTEGRATION/Pods-FBSDKINTEGRATION-frameworks.sh\"\n";
			showEnvVarsInLog = 0;
		};
		CFE2591F01D53AAE8D494853 /* [CP] Check Pods Manifest.lock */ = {
			isa = PBXShellScriptBuildPhase;
			buildActionMask = 2147483647;
			files = (
			);
			inputPaths = (
				"${PODS_PODFILE_DIR_PATH}/Podfile.lock",
				"${PODS_ROOT}/Manifest.lock",
			);
			name = "[CP] Check Pods Manifest.lock";
			outputPaths = (
				"$(DERIVED_FILE_DIR)/Pods-FBSDKINTEGRATION-checkManifestLockResult.txt",
			);
			runOnlyForDeploymentPostprocessing = 0;
			shellPath = /bin/sh;
			shellScript = "diff \"${PODS_PODFILE_DIR_PATH}/Podfile.lock\" \"${PODS_ROOT}/Manifest.lock\" > /dev/null\nif [ $? != 0 ] ; then\n    # print error to STDERR\n    echo \"error: The sandbox is not in sync with the Podfile.lock. Run 'pod install' or update your CocoaPods installation.\" >&2\n    exit 1\nfi\n# This output is used by Xcode 'outputs' to avoid re-running this script phase.\necho \"SUCCESS\" > \"${SCRIPT_OUTPUT_FILE_0}\"\n";
			showEnvVarsInLog = 0;
		};
/* End PBXShellScriptBuildPhase section */

/* Begin PBXSourcesBuildPhase section */
		9A0ED2B3214D0ADB003CA84A /* Sources */ = {
			isa = PBXSourcesBuildPhase;
			buildActionMask = 2147483647;
			files = (
				9A0ED2BD214D0ADB003CA84A /* ViewController.swift in Sources */,
				9A0ED2BB214D0ADB003CA84A /* AppDelegate.swift in Sources */,
			);
			runOnlyForDeploymentPostprocessing = 0;
		};
/* End PBXSourcesBuildPhase section */

/* Begin PBXVariantGroup section */
		9A0ED2BE214D0ADB003CA84A /* Main.storyboard */ = {
			isa = PBXVariantGroup;
			children = (
				9A0ED2BF214D0ADB003CA84A /* Base */,
			);
			name = Main.storyboard;
			sourceTree = "<group>";
		};
		9A0ED2C3214D0ADB003CA84A /* LaunchScreen.storyboard */ = {
			isa = PBXVariantGroup;
			children = (
				9A0ED2C4214D0ADB003CA84A /* Base */,
			);
			name = LaunchScreen.storyboard;
			sourceTree = "<group>";
		};
/* End PBXVariantGroup section */

/* Begin XCBuildConfiguration section */
		9A0ED2C7214D0ADB003CA84A /* Debug */ = {
			isa = XCBuildConfiguration;
			buildSettings = {
				ALWAYS_SEARCH_USER_PATHS = NO;
				CLANG_ANALYZER_NONNULL = YES;
				CLANG_ANALYZER_NUMBER_OBJECT_CONVERSION = YES_AGGRESSIVE;
				CLANG_CXX_LANGUAGE_STANDARD = "gnu++14";
				CLANG_CXX_LIBRARY = "libc++";
				CLANG_ENABLE_MODULES = YES;
				CLANG_ENABLE_OBJC_ARC = YES;
				CLANG_WARN_BLOCK_CAPTURE_AUTORELEASING = YES;
				CLANG_WARN_BOOL_CONVERSION = YES;
				CLANG_WARN_COMMA = YES;
				CLANG_WARN_CONSTANT_CONVERSION = YES;
				CLANG_WARN_DIRECT_OBJC_ISA_USAGE = YES_ERROR;
				CLANG_WARN_DOCUMENTATION_COMMENTS = YES;
				CLANG_WARN_EMPTY_BODY = YES;
				CLANG_WARN_ENUM_CONVERSION = YES;
				CLANG_WARN_INFINITE_RECURSION = YES;
				CLANG_WARN_INT_CONVERSION = YES;
				CLANG_WARN_NON_LITERAL_NULL_CONVERSION = YES;
				CLANG_WARN_OBJC_LITERAL_CONVERSION = YES;
				CLANG_WARN_OBJC_ROOT_CLASS = YES_ERROR;
				CLANG_WARN_RANGE_LOOP_ANALYSIS = YES;
				CLANG_WARN_STRICT_PROTOTYPES = YES;
				CLANG_WARN_SUSPICIOUS_MOVE = YES;
				CLANG_WARN_UNGUARDED_AVAILABILITY = YES_AGGRESSIVE;
				CLANG_WARN_UNREACHABLE_CODE = YES;
				CLANG_WARN__DUPLICATE_METHOD_MATCH = YES;
				CODE_SIGN_IDENTITY = "iPhone Developer";
				COPY_PHASE_STRIP = NO;
				DEBUG_INFORMATION_FORMAT = dwarf;
				ENABLE_STRICT_OBJC_MSGSEND = YES;
				ENABLE_TESTABILITY = YES;
				GCC_C_LANGUAGE_STANDARD = gnu11;
				GCC_DYNAMIC_NO_PIC = NO;
				GCC_NO_COMMON_BLOCKS = YES;
				GCC_OPTIMIZATION_LEVEL = 0;
				GCC_PREPROCESSOR_DEFINITIONS = (
					"DEBUG=1",
					"$(inherited)",
				);
				GCC_WARN_64_TO_32_BIT_CONVERSION = YES;
				GCC_WARN_ABOUT_RETURN_TYPE = YES_ERROR;
				GCC_WARN_UNDECLARED_SELECTOR = YES;
				GCC_WARN_UNINITIALIZED_AUTOS = YES_AGGRESSIVE;
				GCC_WARN_UNUSED_FUNCTION = YES;
				GCC_WARN_UNUSED_VARIABLE = YES;
				IPHONEOS_DEPLOYMENT_TARGET = 11.1;
				MTL_ENABLE_DEBUG_INFO = YES;
				ONLY_ACTIVE_ARCH = YES;
				SDKROOT = iphoneos;
				SWIFT_ACTIVE_COMPILATION_CONDITIONS = DEBUG;
				SWIFT_OPTIMIZATION_LEVEL = "-Onone";
			};
			name = Debug;
		};
		9A0ED2C8214D0ADB003CA84A /* Release */ = {
			isa = XCBuildConfiguration;
			buildSettings = {
				ALWAYS_SEARCH_USER_PATHS = NO;
				CLANG_ANALYZER_NONNULL = YES;
				CLANG_ANALYZER_NUMBER_OBJECT_CONVERSION = YES_AGGRESSIVE;
				CLANG_CXX_LANGUAGE_STANDARD = "gnu++14";
				CLANG_CXX_LIBRARY = "libc++";
				CLANG_ENABLE_MODULES = YES;
				CLANG_ENABLE_OBJC_ARC = YES;
				CLANG_WARN_BLOCK_CAPTURE_AUTORELEASING = YES;
				CLANG_WARN_BOOL_CONVERSION = YES;
				CLANG_WARN_COMMA = YES;
				CLANG_WARN_CONSTANT_CONVERSION = YES;
				CLANG_WARN_DIRECT_OBJC_ISA_USAGE = YES_ERROR;
				CLANG_WARN_DOCUMENTATION_COMMENTS = YES;
				CLANG_WARN_EMPTY_BODY = YES;
				CLANG_WARN_ENUM_CONVERSION = YES;
				CLANG_WARN_INFINITE_RECURSION = YES;
				CLANG_WARN_INT_CONVERSION = YES;
				CLANG_WARN_NON_LITERAL_NULL_CONVERSION = YES;
				CLANG_WARN_OBJC_LITERAL_CONVERSION = YES;
				CLANG_WARN_OBJC_ROOT_CLASS = YES_ERROR;
				CLANG_WARN_RANGE_LOOP_ANALYSIS = YES;
				CLANG_WARN_STRICT_PROTOTYPES = YES;
				CLANG_WARN_SUSPICIOUS_MOVE = YES;
				CLANG_WARN_UNGUARDED_AVAILABILITY = YES_AGGRESSIVE;
				CLANG_WARN_UNREACHABLE_CODE = YES;
				CLANG_WARN__DUPLICATE_METHOD_MATCH = YES;
				CODE_SIGN_IDENTITY = "iPhone Developer";
				COPY_PHASE_STRIP = NO;
				DEBUG_INFORMATION_FORMAT = "dwarf-with-dsym";
				ENABLE_NS_ASSERTIONS = NO;
				ENABLE_STRICT_OBJC_MSGSEND = YES;
				GCC_C_LANGUAGE_STANDARD = gnu11;
				GCC_NO_COMMON_BLOCKS = YES;
				GCC_WARN_64_TO_32_BIT_CONVERSION = YES;
				GCC_WARN_ABOUT_RETURN_TYPE = YES_ERROR;
				GCC_WARN_UNDECLARED_SELECTOR = YES;
				GCC_WARN_UNINITIALIZED_AUTOS = YES_AGGRESSIVE;
				GCC_WARN_UNUSED_FUNCTION = YES;
				GCC_WARN_UNUSED_VARIABLE = YES;
				IPHONEOS_DEPLOYMENT_TARGET = 11.1;
				MTL_ENABLE_DEBUG_INFO = NO;
				SDKROOT = iphoneos;
				SWIFT_OPTIMIZATION_LEVEL = "-Owholemodule";
				VALIDATE_PRODUCT = YES;
			};
			name = Release;
		};
		9A0ED2CA214D0ADB003CA84A /* Debug */ = {
			isa = XCBuildConfiguration;
			baseConfigurationReference = 996619CBC9568FCA924FE4B3 /* Pods-FBSDKINTEGRATION.debug.xcconfig */;
			buildSettings = {
				ASSETCATALOG_COMPILER_APPICON_NAME = AppIcon;
				CLANG_ENABLE_MODULES = YES;
				CODE_SIGN_STYLE = Automatic;
				INFOPLIST_FILE = FBSDKINTEGRATION/Info.plist;
				LD_RUNPATH_SEARCH_PATHS = "$(inherited) @executable_path/Frameworks";
				PRODUCT_BUNDLE_IDENTIFIER = com.Nagiz.FBSDKINTEGRATION;
				PRODUCT_NAME = "$(TARGET_NAME)";
				SWIFT_OBJC_BRIDGING_HEADER = "FBSDKINTEGRATION/FBSDKINTEGRATION-Bridging-Header.h";
				SWIFT_OPTIMIZATION_LEVEL = "-Onone";
				SWIFT_VERSION = 4.0;
				TARGETED_DEVICE_FAMILY = "1,2";
			};
			name = Debug;
		};
		9A0ED2CB214D0ADB003CA84A /* Release */ = {
			isa = XCBuildConfiguration;
			baseConfigurationReference = C0CFA791138975CFFFC26348 /* Pods-FBSDKINTEGRATION.release.xcconfig */;
			buildSettings = {
				ASSETCATALOG_COMPILER_APPICON_NAME = AppIcon;
				CLANG_ENABLE_MODULES = YES;
				CODE_SIGN_STYLE = Automatic;
				INFOPLIST_FILE = FBSDKINTEGRATION/Info.plist;
				LD_RUNPATH_SEARCH_PATHS = "$(inherited) @executable_path/Frameworks";
				PRODUCT_BUNDLE_IDENTIFIER = com.Nagiz.FBSDKINTEGRATION;
				PRODUCT_NAME = "$(TARGET_NAME)";
				SWIFT_OBJC_BRIDGING_HEADER = "FBSDKINTEGRATION/FBSDKINTEGRATION-Bridging-Header.h";
				SWIFT_VERSION = 4.0;
				TARGETED_DEVICE_FAMILY = "1,2";
			};
			name = Release;
		};
/* End XCBuildConfiguration section */

/* Begin XCConfigurationList section */
		9A0ED2B2214D0ADB003CA84A /* Build configuration list for PBXProject "FBSDKINTEGRATION" */ = {
			isa = XCConfigurationList;
			buildConfigurations = (
				9A0ED2C7214D0ADB003CA84A /* Debug */,
				9A0ED2C8214D0ADB003CA84A /* Release */,
			);
			defaultConfigurationIsVisible = 0;
			defaultConfigurationName = Release;
		};
		9A0ED2C9214D0ADB003CA84A /* Build configuration list for PBXNativeTarget "FBSDKINTEGRATION" */ = {
			isa = XCConfigurationList;
			buildConfigurations = (
				9A0ED2CA214D0ADB003CA84A /* Debug */,
				9A0ED2CB214D0ADB003CA84A /* Release */,
			);
			defaultConfigurationIsVisible = 0;
			defaultConfigurationName = Release;
		};
/* End XCConfigurationList section */
	};
	rootObject = 9A0ED2AF214D0ADB003CA84A /* Project object */;
}
